
Microsoft Visual Studio Solution File, Format Version 12.00
# Visual Studio 14
VisualStudioVersion = 14.0.25123.0
MinimumVisualStudioVersion = 10.0.40219.1
Project("{2150E333-8FDC-42A3-9474-1A3956D46DE8}") = "Vcc", "Vcc", "{04D33EB9-17AC-46B9-BF93-99C57F2F802E}"
EndProject
Project("{2150E333-8FDC-42A3-9474-1A3956D46DE8}") = "Tools", "Tools", "{5B244ED6-BCC5-4FEE-A8DF-8B546F368F3F}"
EndProject
Project("{2150E333-8FDC-42A3-9474-1A3956D46DE8}") = "AxiomProfiler", "AxiomProfiler", "{78187C99-15DA-4001-92E7-01A103DA739D}"
EndProject
Project("{2150E333-8FDC-42A3-9474-1A3956D46DE8}") = "Solution Items", "Solution Items", "{71D5CA0F-17DC-4743-B427-C9014592D3AC}"
	ProjectSection(SolutionItems) = preProject
		LocalTestRun.testrunconfig = LocalTestRun.testrunconfig
		Vcc.vsmdi = Vcc.vsmdi
	EndProjectSection
EndProject
Project("{FAE04EC0-301F-11D3-BF4B-00C04F79EFBC}") = "VccCore", "vcc\Core\VccCore.csproj", "{B855D039-8A27-419D-9A81-86FF93227E31}"
EndProject
Project("{FAE04EC0-301F-11D3-BF4B-00C04F79EFBC}") = "CodeModel2VccHelper", "vcc\CodeModel2VccHelper\CodeModel2VccHelper.csproj", "{B2144FB2-68AD-4F94-B53E-DCCF827115C8}"
EndProject
Project("{F2A71F9B-5D33-465A-A702-920D77279786}") = "CodeModel2Vcc", "vcc\CodeModel2Vcc\CodeModel2Vcc.fsproj", "{AB567043-8047-4CB4-863C-F7FBAB4E239A}"
EndProject
Project("{8BC9CEB8-8B4A-11D0-8D11-00A0C91BC942}") = "Headers", "vcc\Headers\Headers.vcxproj", "{DA1D75C4-D0AA-474C-8773-6D90C9319D67}"
EndProject
Project("{F2A71F9B-5D33-465A-A702-920D77279786}") = "VccTranslator", "vcc\Translator\VccTranslator.fsproj", "{CDB01DBB-FD43-40F4-98F0-F5401E8C5919}"
EndProject
Project("{FAE04EC0-301F-11D3-BF4B-00C04F79EFBC}") = "VccHost", "vcc\Host\VccHost.csproj", "{A23FF5D3-7775-4BD3-942A-1F488E339D27}"
EndProject
Project("{FAE04EC0-301F-11D3-BF4B-00C04F79EFBC}") = "VccRuntime", "vcc\Runtime\VccRuntime.csproj", "{D0544C0C-C6ED-4F91-9F3C-9F3A02B8CAB6}"
EndProject
Project("{FAE04EC0-301F-11D3-BF4B-00C04F79EFBC}") = "Z3AxiomProfiler", "vcc\Tools\Z3Visualizer\Z3Visualizer\Z3AxiomProfiler.csproj", "{29651769-4A5F-4C7F-BAA7-4064BA38324D}"
EndProject
Project("{8BC9CEB8-8B4A-11D0-8D11-00A0C91BC942}") = "Samples", "vcc\Test\Samples.vcxproj", "{CAB0EED0-564C-4981-97BC-497AB7D13433}"
EndProject
Project("{FAE04EC0-301F-11D3-BF4B-00C04F79EFBC}") = "Coverage", "vcc\Test\Coverage\Coverage.csproj", "{C21060C0-8929-4DC5-AC09-06EA5090AC7E}"
EndProject
Project("{F2A71F9B-5D33-465A-A702-920D77279786}") = "Ast", "vcc\Ast\Ast.fsproj", "{C5203B00-B561-48F9-B56D-C4477A27EA01}"
EndProject
Project("{F2A71F9B-5D33-465A-A702-920D77279786}") = "Transformers", "vcc\Transformers\Transformers.fsproj", "{F55BA112-7817-4A9F-9250-7CDFECC1F2CE}"
EndProject
Global
	GlobalSection(SolutionConfigurationPlatforms) = preSolution
		CompilerOnly|Any CPU = CompilerOnly|Any CPU
		CompilerOnly|Mixed Platforms = CompilerOnly|Mixed Platforms
		CompilerOnly|Win32 = CompilerOnly|Win32
		CompilerOnly|x86 = CompilerOnly|x86
		Debug|Any CPU = Debug|Any CPU
		Debug|Mixed Platforms = Debug|Mixed Platforms
		Debug|Win32 = Debug|Win32
		Debug|x86 = Debug|x86
		Drop|Any CPU = Drop|Any CPU
		Drop|Mixed Platforms = Drop|Mixed Platforms
		Drop|Win32 = Drop|Win32
		Drop|x86 = Drop|x86
		Release|Any CPU = Release|Any CPU
		Release|Mixed Platforms = Release|Mixed Platforms
		Release|Win32 = Release|Win32
		Release|x86 = Release|x86
	EndGlobalSection
	GlobalSection(ProjectConfigurationPlatforms) = postSolution
		{B855D039-8A27-419D-9A81-86FF93227E31}.CompilerOnly|Any CPU.ActiveCfg = Release|Any CPU
		{B855D039-8A27-419D-9A81-86FF93227E31}.CompilerOnly|Any CPU.Build.0 = Release|Any CPU
		{B855D039-8A27-419D-9A81-86FF93227E31}.CompilerOnly|Mixed Platforms.ActiveCfg = Release|Any CPU
		{B855D039-8A27-419D-9A81-86FF93227E31}.CompilerOnly|Mixed Platforms.Build.0 = Release|Any CPU
		{B855D039-8A27-419D-9A81-86FF93227E31}.CompilerOnly|Win32.ActiveCfg = Release|Any CPU
		{B855D039-8A27-419D-9A81-86FF93227E31}.CompilerOnly|x86.ActiveCfg = Release|Any CPU
		{B855D039-8A27-419D-9A81-86FF93227E31}.Debug|Any CPU.ActiveCfg = Debug|Any CPU
		{B855D039-8A27-419D-9A81-86FF93227E31}.Debug|Any CPU.Build.0 = Debug|Any CPU
		{B855D039-8A27-419D-9A81-86FF93227E31}.Debug|Mixed Platforms.ActiveCfg = Debug|Any CPU
		{B855D039-8A27-419D-9A81-86FF93227E31}.Debug|Mixed Platforms.Build.0 = Debug|Any CPU
		{B855D039-8A27-419D-9A81-86FF93227E31}.Debug|Win32.ActiveCfg = Debug|Any CPU
		{B855D039-8A27-419D-9A81-86FF93227E31}.Debug|x86.ActiveCfg = Debug|Any CPU
		{B855D039-8A27-419D-9A81-86FF93227E31}.Drop|Any CPU.ActiveCfg = Debug|Any CPU
		{B855D039-8A27-419D-9A81-86FF93227E31}.Drop|Any CPU.Build.0 = Debug|Any CPU
		{B855D039-8A27-419D-9A81-86FF93227E31}.Drop|Mixed Platforms.ActiveCfg = Debug|Any CPU
		{B855D039-8A27-419D-9A81-86FF93227E31}.Drop|Mixed Platforms.Build.0 = Debug|Any CPU
		{B855D039-8A27-419D-9A81-86FF93227E31}.Drop|Win32.ActiveCfg = Debug|Any CPU
		{B855D039-8A27-419D-9A81-86FF93227E31}.Drop|x86.ActiveCfg = Debug|Any CPU
		{B855D039-8A27-419D-9A81-86FF93227E31}.Release|Any CPU.ActiveCfg = Release|Any CPU
		{B855D039-8A27-419D-9A81-86FF93227E31}.Release|Any CPU.Build.0 = Release|Any CPU
		{B855D039-8A27-419D-9A81-86FF93227E31}.Release|Mixed Platforms.ActiveCfg = Release|Any CPU
		{B855D039-8A27-419D-9A81-86FF93227E31}.Release|Mixed Platforms.Build.0 = Release|Any CPU
		{B855D039-8A27-419D-9A81-86FF93227E31}.Release|Win32.ActiveCfg = Release|Any CPU
		{B855D039-8A27-419D-9A81-86FF93227E31}.Release|x86.ActiveCfg = Release|Any CPU
		{B2144FB2-68AD-4F94-B53E-DCCF827115C8}.CompilerOnly|Any CPU.ActiveCfg = Release|Any CPU
		{B2144FB2-68AD-4F94-B53E-DCCF827115C8}.CompilerOnly|Any CPU.Build.0 = Release|Any CPU
		{B2144FB2-68AD-4F94-B53E-DCCF827115C8}.CompilerOnly|Mixed Platforms.ActiveCfg = Release|Any CPU
		{B2144FB2-68AD-4F94-B53E-DCCF827115C8}.CompilerOnly|Mixed Platforms.Build.0 = Release|Any CPU
		{B2144FB2-68AD-4F94-B53E-DCCF827115C8}.CompilerOnly|Win32.ActiveCfg = Release|Any CPU
		{B2144FB2-68AD-4F94-B53E-DCCF827115C8}.CompilerOnly|x86.ActiveCfg = Release|Any CPU
		{B2144FB2-68AD-4F94-B53E-DCCF827115C8}.Debug|Any CPU.ActiveCfg = Debug|Any CPU
		{B2144FB2-68AD-4F94-B53E-DCCF827115C8}.Debug|Any CPU.Build.0 = Debug|Any CPU
		{B2144FB2-68AD-4F94-B53E-DCCF827115C8}.Debug|Mixed Platforms.ActiveCfg = Debug|Any CPU
		{B2144FB2-68AD-4F94-B53E-DCCF827115C8}.Debug|Mixed Platforms.Build.0 = Debug|Any CPU
		{B2144FB2-68AD-4F94-B53E-DCCF827115C8}.Debug|Win32.ActiveCfg = Debug|Any CPU
		{B2144FB2-68AD-4F94-B53E-DCCF827115C8}.Debug|x86.ActiveCfg = Debug|Any CPU
		{B2144FB2-68AD-4F94-B53E-DCCF827115C8}.Drop|Any CPU.ActiveCfg = Debug|Any CPU
		{B2144FB2-68AD-4F94-B53E-DCCF827115C8}.Drop|Any CPU.Build.0 = Debug|Any CPU
		{B2144FB2-68AD-4F94-B53E-DCCF827115C8}.Drop|Mixed Platforms.ActiveCfg = Debug|Any CPU
		{B2144FB2-68AD-4F94-B53E-DCCF827115C8}.Drop|Mixed Platforms.Build.0 = Debug|Any CPU
		{B2144FB2-68AD-4F94-B53E-DCCF827115C8}.Drop|Win32.ActiveCfg = Debug|Any CPU
		{B2144FB2-68AD-4F94-B53E-DCCF827115C8}.Drop|x86.ActiveCfg = Debug|Any CPU
		{B2144FB2-68AD-4F94-B53E-DCCF827115C8}.Release|Any CPU.ActiveCfg = Release|Any CPU
		{B2144FB2-68AD-4F94-B53E-DCCF827115C8}.Release|Any CPU.Build.0 = Release|Any CPU
		{B2144FB2-68AD-4F94-B53E-DCCF827115C8}.Release|Mixed Platforms.ActiveCfg = Release|Any CPU
		{B2144FB2-68AD-4F94-B53E-DCCF827115C8}.Release|Mixed Platforms.Build.0 = Release|Any CPU
		{B2144FB2-68AD-4F94-B53E-DCCF827115C8}.Release|Win32.ActiveCfg = Release|Any CPU
		{B2144FB2-68AD-4F94-B53E-DCCF827115C8}.Release|x86.ActiveCfg = Release|Any CPU
		{AB567043-8047-4CB4-863C-F7FBAB4E239A}.CompilerOnly|Any CPU.ActiveCfg = CompilerOnly|Any CPU
		{AB567043-8047-4CB4-863C-F7FBAB4E239A}.CompilerOnly|Any CPU.Build.0 = CompilerOnly|Any CPU
		{AB567043-8047-4CB4-863C-F7FBAB4E239A}.CompilerOnly|Mixed Platforms.ActiveCfg = CompilerOnly|Any CPU
		{AB567043-8047-4CB4-863C-F7FBAB4E239A}.CompilerOnly|Mixed Platforms.Build.0 = CompilerOnly|Any CPU
		{AB567043-8047-4CB4-863C-F7FBAB4E239A}.CompilerOnly|Win32.ActiveCfg = CompilerOnly|Any CPU
		{AB567043-8047-4CB4-863C-F7FBAB4E239A}.CompilerOnly|x86.ActiveCfg = CompilerOnly|Any CPU
		{AB567043-8047-4CB4-863C-F7FBAB4E239A}.Debug|Any CPU.ActiveCfg = Debug|Any CPU
		{AB567043-8047-4CB4-863C-F7FBAB4E239A}.Debug|Any CPU.Build.0 = Debug|Any CPU
		{AB567043-8047-4CB4-863C-F7FBAB4E239A}.Debug|Mixed Platforms.ActiveCfg = Debug|Any CPU
		{AB567043-8047-4CB4-863C-F7FBAB4E239A}.Debug|Mixed Platforms.Build.0 = Debug|Any CPU
		{AB567043-8047-4CB4-863C-F7FBAB4E239A}.Debug|Win32.ActiveCfg = Debug|Any CPU
		{AB567043-8047-4CB4-863C-F7FBAB4E239A}.Debug|x86.ActiveCfg = Debug|Any CPU
		{AB567043-8047-4CB4-863C-F7FBAB4E239A}.Drop|Any CPU.ActiveCfg = Debug|Any CPU
		{AB567043-8047-4CB4-863C-F7FBAB4E239A}.Drop|Any CPU.Build.0 = Debug|Any CPU
		{AB567043-8047-4CB4-863C-F7FBAB4E239A}.Drop|Mixed Platforms.ActiveCfg = Debug|Any CPU
		{AB567043-8047-4CB4-863C-F7FBAB4E239A}.Drop|Mixed Platforms.Build.0 = Debug|Any CPU
		{AB567043-8047-4CB4-863C-F7FBAB4E239A}.Drop|Win32.ActiveCfg = Debug|Any CPU
		{AB567043-8047-4CB4-863C-F7FBAB4E239A}.Drop|x86.ActiveCfg = Debug|Any CPU
		{AB567043-8047-4CB4-863C-F7FBAB4E239A}.Release|Any CPU.ActiveCfg = Release|Any CPU
		{AB567043-8047-4CB4-863C-F7FBAB4E239A}.Release|Any CPU.Build.0 = Release|Any CPU
		{AB567043-8047-4CB4-863C-F7FBAB4E239A}.Release|Mixed Platforms.ActiveCfg = Release|Any CPU
		{AB567043-8047-4CB4-863C-F7FBAB4E239A}.Release|Mixed Platforms.Build.0 = Release|Any CPU
		{AB567043-8047-4CB4-863C-F7FBAB4E239A}.Release|Win32.ActiveCfg = Release|Any CPU
		{AB567043-8047-4CB4-863C-F7FBAB4E239A}.Release|x86.ActiveCfg = Release|Any CPU
		{DA1D75C4-D0AA-474C-8773-6D90C9319D67}.CompilerOnly|Any CPU.ActiveCfg = Release|Win32
		{DA1D75C4-D0AA-474C-8773-6D90C9319D67}.CompilerOnly|Mixed Platforms.ActiveCfg = Release|Win32
		{DA1D75C4-D0AA-474C-8773-6D90C9319D67}.CompilerOnly|Mixed Platforms.Build.0 = Release|Win32
		{DA1D75C4-D0AA-474C-8773-6D90C9319D67}.CompilerOnly|Win32.ActiveCfg = Release|Win32
		{DA1D75C4-D0AA-474C-8773-6D90C9319D67}.CompilerOnly|Win32.Build.0 = Release|Win32
		{DA1D75C4-D0AA-474C-8773-6D90C9319D67}.CompilerOnly|x86.ActiveCfg = Release|Win32
		{DA1D75C4-D0AA-474C-8773-6D90C9319D67}.CompilerOnly|x86.Build.0 = Release|Win32
		{DA1D75C4-D0AA-474C-8773-6D90C9319D67}.Debug|Any CPU.ActiveCfg = Debug|Win32
		{DA1D75C4-D0AA-474C-8773-6D90C9319D67}.Debug|Mixed Platforms.ActiveCfg = Debug|Win32
		{DA1D75C4-D0AA-474C-8773-6D90C9319D67}.Debug|Win32.ActiveCfg = Debug|Win32
		{DA1D75C4-D0AA-474C-8773-6D90C9319D67}.Debug|Win32.Build.0 = Debug|Win32
		{DA1D75C4-D0AA-474C-8773-6D90C9319D67}.Debug|x86.ActiveCfg = Debug|Win32
		{DA1D75C4-D0AA-474C-8773-6D90C9319D67}.Debug|x86.Build.0 = Debug|Win32
		{DA1D75C4-D0AA-474C-8773-6D90C9319D67}.Drop|Any CPU.ActiveCfg = Debug|Win32
		{DA1D75C4-D0AA-474C-8773-6D90C9319D67}.Drop|Mixed Platforms.ActiveCfg = Debug|Win32
		{DA1D75C4-D0AA-474C-8773-6D90C9319D67}.Drop|Mixed Platforms.Build.0 = Debug|Win32
		{DA1D75C4-D0AA-474C-8773-6D90C9319D67}.Drop|Win32.ActiveCfg = Debug|Win32
		{DA1D75C4-D0AA-474C-8773-6D90C9319D67}.Drop|Win32.Build.0 = Debug|Win32
		{DA1D75C4-D0AA-474C-8773-6D90C9319D67}.Drop|x86.ActiveCfg = Debug|Win32
		{DA1D75C4-D0AA-474C-8773-6D90C9319D67}.Drop|x86.Build.0 = Debug|Win32
		{DA1D75C4-D0AA-474C-8773-6D90C9319D67}.Release|Any CPU.ActiveCfg = Release|Win32
		{DA1D75C4-D0AA-474C-8773-6D90C9319D67}.Release|Mixed Platforms.ActiveCfg = Release|Win32
		{DA1D75C4-D0AA-474C-8773-6D90C9319D67}.Release|Mixed Platforms.Build.0 = Release|Win32
		{DA1D75C4-D0AA-474C-8773-6D90C9319D67}.Release|Win32.ActiveCfg = Release|Win32
		{DA1D75C4-D0AA-474C-8773-6D90C9319D67}.Release|Win32.Build.0 = Release|Win32
		{DA1D75C4-D0AA-474C-8773-6D90C9319D67}.Release|x86.ActiveCfg = Release|Win32
		{DA1D75C4-D0AA-474C-8773-6D90C9319D67}.Release|x86.Build.0 = Release|Win32
		{CDB01DBB-FD43-40F4-98F0-F5401E8C5919}.CompilerOnly|Any CPU.ActiveCfg = CompilerOnly|Any CPU
		{CDB01DBB-FD43-40F4-98F0-F5401E8C5919}.CompilerOnly|Any CPU.Build.0 = CompilerOnly|Any CPU
		{CDB01DBB-FD43-40F4-98F0-F5401E8C5919}.CompilerOnly|Mixed Platforms.ActiveCfg = CompilerOnly|Any CPU
		{CDB01DBB-FD43-40F4-98F0-F5401E8C5919}.CompilerOnly|Mixed Platforms.Build.0 = CompilerOnly|Any CPU
		{CDB01DBB-FD43-40F4-98F0-F5401E8C5919}.CompilerOnly|Win32.ActiveCfg = CompilerOnly|Any CPU
		{CDB01DBB-FD43-40F4-98F0-F5401E8C5919}.CompilerOnly|x86.ActiveCfg = CompilerOnly|Any CPU
		{CDB01DBB-FD43-40F4-98F0-F5401E8C5919}.Debug|Any CPU.ActiveCfg = Debug|Any CPU
		{CDB01DBB-FD43-40F4-98F0-F5401E8C5919}.Debug|Any CPU.Build.0 = Debug|Any CPU
		{CDB01DBB-FD43-40F4-98F0-F5401E8C5919}.Debug|Mixed Platforms.ActiveCfg = Debug|Any CPU
		{CDB01DBB-FD43-40F4-98F0-F5401E8C5919}.Debug|Mixed Platforms.Build.0 = Debug|Any CPU
		{CDB01DBB-FD43-40F4-98F0-F5401E8C5919}.Debug|Win32.ActiveCfg = Debug|Any CPU
		{CDB01DBB-FD43-40F4-98F0-F5401E8C5919}.Debug|x86.ActiveCfg = Debug|Any CPU
		{CDB01DBB-FD43-40F4-98F0-F5401E8C5919}.Drop|Any CPU.ActiveCfg = Debug|Any CPU
		{CDB01DBB-FD43-40F4-98F0-F5401E8C5919}.Drop|Any CPU.Build.0 = Debug|Any CPU
		{CDB01DBB-FD43-40F4-98F0-F5401E8C5919}.Drop|Mixed Platforms.ActiveCfg = Debug|Any CPU
		{CDB01DBB-FD43-40F4-98F0-F5401E8C5919}.Drop|Mixed Platforms.Build.0 = Debug|Any CPU
		{CDB01DBB-FD43-40F4-98F0-F5401E8C5919}.Drop|Win32.ActiveCfg = Debug|Any CPU
		{CDB01DBB-FD43-40F4-98F0-F5401E8C5919}.Drop|x86.ActiveCfg = Debug|Any CPU
		{CDB01DBB-FD43-40F4-98F0-F5401E8C5919}.Release|Any CPU.ActiveCfg = Release|Any CPU
		{CDB01DBB-FD43-40F4-98F0-F5401E8C5919}.Release|Any CPU.Build.0 = Release|Any CPU
		{CDB01DBB-FD43-40F4-98F0-F5401E8C5919}.Release|Mixed Platforms.ActiveCfg = Release|Any CPU
		{CDB01DBB-FD43-40F4-98F0-F5401E8C5919}.Release|Mixed Platforms.Build.0 = Release|Any CPU
		{CDB01DBB-FD43-40F4-98F0-F5401E8C5919}.Release|Win32.ActiveCfg = Release|Any CPU
		{CDB01DBB-FD43-40F4-98F0-F5401E8C5919}.Release|x86.ActiveCfg = Release|Any CPU
		{A23FF5D3-7775-4BD3-942A-1F488E339D27}.CompilerOnly|Any CPU.ActiveCfg = Release|Any CPU
		{A23FF5D3-7775-4BD3-942A-1F488E339D27}.CompilerOnly|Any CPU.Build.0 = Release|Any CPU
		{A23FF5D3-7775-4BD3-942A-1F488E339D27}.CompilerOnly|Mixed Platforms.ActiveCfg = Release|Any CPU
		{A23FF5D3-7775-4BD3-942A-1F488E339D27}.CompilerOnly|Mixed Platforms.Build.0 = Release|Any CPU
		{A23FF5D3-7775-4BD3-942A-1F488E339D27}.CompilerOnly|Win32.ActiveCfg = Release|Any CPU
		{A23FF5D3-7775-4BD3-942A-1F488E339D27}.CompilerOnly|x86.ActiveCfg = Release|Any CPU
		{A23FF5D3-7775-4BD3-942A-1F488E339D27}.Debug|Any CPU.ActiveCfg = Debug|Any CPU
		{A23FF5D3-7775-4BD3-942A-1F488E339D27}.Debug|Any CPU.Build.0 = Debug|Any CPU
		{A23FF5D3-7775-4BD3-942A-1F488E339D27}.Debug|Mixed Platforms.ActiveCfg = Debug|Any CPU
		{A23FF5D3-7775-4BD3-942A-1F488E339D27}.Debug|Mixed Platforms.Build.0 = Debug|Any CPU
		{A23FF5D3-7775-4BD3-942A-1F488E339D27}.Debug|Win32.ActiveCfg = Debug|Any CPU
		{A23FF5D3-7775-4BD3-942A-1F488E339D27}.Debug|x86.ActiveCfg = Debug|Any CPU
		{A23FF5D3-7775-4BD3-942A-1F488E339D27}.Drop|Any CPU.ActiveCfg = Debug|Any CPU
		{A23FF5D3-7775-4BD3-942A-1F488E339D27}.Drop|Any CPU.Build.0 = Debug|Any CPU
		{A23FF5D3-7775-4BD3-942A-1F488E339D27}.Drop|Mixed Platforms.ActiveCfg = Debug|Any CPU
		{A23FF5D3-7775-4BD3-942A-1F488E339D27}.Drop|Mixed Platforms.Build.0 = Debug|Any CPU
		{A23FF5D3-7775-4BD3-942A-1F488E339D27}.Drop|Win32.ActiveCfg = Debug|Any CPU
		{A23FF5D3-7775-4BD3-942A-1F488E339D27}.Drop|x86.ActiveCfg = Debug|Any CPU
		{A23FF5D3-7775-4BD3-942A-1F488E339D27}.Release|Any CPU.ActiveCfg = Release|Any CPU
		{A23FF5D3-7775-4BD3-942A-1F488E339D27}.Release|Any CPU.Build.0 = Release|Any CPU
		{A23FF5D3-7775-4BD3-942A-1F488E339D27}.Release|Mixed Platforms.ActiveCfg = Release|Any CPU
		{A23FF5D3-7775-4BD3-942A-1F488E339D27}.Release|Mixed Platforms.Build.0 = Release|Any CPU
		{A23FF5D3-7775-4BD3-942A-1F488E339D27}.Release|Win32.ActiveCfg = Release|Any CPU
		{A23FF5D3-7775-4BD3-942A-1F488E339D27}.Release|x86.ActiveCfg = Release|Any CPU
		{D0544C0C-C6ED-4F91-9F3C-9F3A02B8CAB6}.CompilerOnly|Any CPU.ActiveCfg = Release|Any CPU
		{D0544C0C-C6ED-4F91-9F3C-9F3A02B8CAB6}.CompilerOnly|Any CPU.Build.0 = Release|Any CPU
		{D0544C0C-C6ED-4F91-9F3C-9F3A02B8CAB6}.CompilerOnly|Mixed Platforms.ActiveCfg = Release|Any CPU
		{D0544C0C-C6ED-4F91-9F3C-9F3A02B8CAB6}.CompilerOnly|Mixed Platforms.Build.0 = Release|Any CPU
		{D0544C0C-C6ED-4F91-9F3C-9F3A02B8CAB6}.CompilerOnly|Win32.ActiveCfg = Release|Any CPU
		{D0544C0C-C6ED-4F91-9F3C-9F3A02B8CAB6}.CompilerOnly|x86.ActiveCfg = Release|Any CPU
		{D0544C0C-C6ED-4F91-9F3C-9F3A02B8CAB6}.Debug|Any CPU.ActiveCfg = Debug|Any CPU
		{D0544C0C-C6ED-4F91-9F3C-9F3A02B8CAB6}.Debug|Any CPU.Build.0 = Debug|Any CPU
		{D0544C0C-C6ED-4F91-9F3C-9F3A02B8CAB6}.Debug|Mixed Platforms.ActiveCfg = Debug|Any CPU
		{D0544C0C-C6ED-4F91-9F3C-9F3A02B8CAB6}.Debug|Mixed Platforms.Build.0 = Debug|Any CPU
		{D0544C0C-C6ED-4F91-9F3C-9F3A02B8CAB6}.Debug|Win32.ActiveCfg = Debug|Any CPU
		{D0544C0C-C6ED-4F91-9F3C-9F3A02B8CAB6}.Debug|x86.ActiveCfg = Debug|Any CPU
		{D0544C0C-C6ED-4F91-9F3C-9F3A02B8CAB6}.Drop|Any CPU.ActiveCfg = Debug|Any CPU
		{D0544C0C-C6ED-4F91-9F3C-9F3A02B8CAB6}.Drop|Any CPU.Build.0 = Debug|Any CPU
		{D0544C0C-C6ED-4F91-9F3C-9F3A02B8CAB6}.Drop|Mixed Platforms.ActiveCfg = Debug|Any CPU
		{D0544C0C-C6ED-4F91-9F3C-9F3A02B8CAB6}.Drop|Mixed Platforms.Build.0 = Debug|Any CPU
		{D0544C0C-C6ED-4F91-9F3C-9F3A02B8CAB6}.Drop|Win32.ActiveCfg = Debug|Any CPU
		{D0544C0C-C6ED-4F91-9F3C-9F3A02B8CAB6}.Drop|x86.ActiveCfg = Debug|Any CPU
		{D0544C0C-C6ED-4F91-9F3C-9F3A02B8CAB6}.Release|Any CPU.ActiveCfg = Release|Any CPU
		{D0544C0C-C6ED-4F91-9F3C-9F3A02B8CAB6}.Release|Any CPU.Build.0 = Release|Any CPU
		{D0544C0C-C6ED-4F91-9F3C-9F3A02B8CAB6}.Release|Mixed Platforms.ActiveCfg = Release|Any CPU
		{D0544C0C-C6ED-4F91-9F3C-9F3A02B8CAB6}.Release|Mixed Platforms.Build.0 = Release|Any CPU
		{D0544C0C-C6ED-4F91-9F3C-9F3A02B8CAB6}.Release|Win32.ActiveCfg = Release|Any CPU
		{D0544C0C-C6ED-4F91-9F3C-9F3A02B8CAB6}.Release|x86.ActiveCfg = Release|Any CPU
		{29651769-4A5F-4C7F-BAA7-4064BA38324D}.CompilerOnly|Any CPU.ActiveCfg = Release|Any CPU
		{29651769-4A5F-4C7F-BAA7-4064BA38324D}.CompilerOnly|Any CPU.Build.0 = Release|Any CPU
		{29651769-4A5F-4C7F-BAA7-4064BA38324D}.CompilerOnly|Mixed Platforms.ActiveCfg = Release|Any CPU
		{29651769-4A5F-4C7F-BAA7-4064BA38324D}.CompilerOnly|Mixed Platforms.Build.0 = Release|Any CPU
		{29651769-4A5F-4C7F-BAA7-4064BA38324D}.CompilerOnly|Win32.ActiveCfg = Release|Any CPU
		{29651769-4A5F-4C7F-BAA7-4064BA38324D}.CompilerOnly|x86.ActiveCfg = Release|Any CPU
		{29651769-4A5F-4C7F-BAA7-4064BA38324D}.Debug|Any CPU.ActiveCfg = Debug|Any CPU
		{29651769-4A5F-4C7F-BAA7-4064BA38324D}.Debug|Any CPU.Build.0 = Debug|Any CPU
		{29651769-4A5F-4C7F-BAA7-4064BA38324D}.Debug|Mixed Platforms.ActiveCfg = Debug|Any CPU
		{29651769-4A5F-4C7F-BAA7-4064BA38324D}.Debug|Mixed Platforms.Build.0 = Debug|Any CPU
		{29651769-4A5F-4C7F-BAA7-4064BA38324D}.Debug|Win32.ActiveCfg = Debug|Any CPU
		{29651769-4A5F-4C7F-BAA7-4064BA38324D}.Debug|x86.ActiveCfg = Debug|Any CPU
		{29651769-4A5F-4C7F-BAA7-4064BA38324D}.Drop|Any CPU.ActiveCfg = Debug|Any CPU
		{29651769-4A5F-4C7F-BAA7-4064BA38324D}.Drop|Any CPU.Build.0 = Debug|Any CPU
		{29651769-4A5F-4C7F-BAA7-4064BA38324D}.Drop|Mixed Platforms.ActiveCfg = Debug|Any CPU
		{29651769-4A5F-4C7F-BAA7-4064BA38324D}.Drop|Mixed Platforms.Build.0 = Debug|Any CPU
		{29651769-4A5F-4C7F-BAA7-4064BA38324D}.Drop|Win32.ActiveCfg = Debug|Any CPU
		{29651769-4A5F-4C7F-BAA7-4064BA38324D}.Drop|x86.ActiveCfg = Debug|Any CPU
		{29651769-4A5F-4C7F-BAA7-4064BA38324D}.Release|Any CPU.ActiveCfg = Release|Any CPU
		{29651769-4A5F-4C7F-BAA7-4064BA38324D}.Release|Any CPU.Build.0 = Release|Any CPU
		{29651769-4A5F-4C7F-BAA7-4064BA38324D}.Release|Mixed Platforms.ActiveCfg = Release|Any CPU
		{29651769-4A5F-4C7F-BAA7-4064BA38324D}.Release|Mixed Platforms.Build.0 = Release|Any CPU
		{29651769-4A5F-4C7F-BAA7-4064BA38324D}.Release|Win32.ActiveCfg = Release|Any CPU
		{29651769-4A5F-4C7F-BAA7-4064BA38324D}.Release|x86.ActiveCfg = Release|Any CPU
		{CAB0EED0-564C-4981-97BC-497AB7D13433}.CompilerOnly|Any CPU.ActiveCfg = Release|Win32
		{CAB0EED0-564C-4981-97BC-497AB7D13433}.CompilerOnly|Mixed Platforms.ActiveCfg = Release|Win32
		{CAB0EED0-564C-4981-97BC-497AB7D13433}.CompilerOnly|Mixed Platforms.Build.0 = Release|Win32
		{CAB0EED0-564C-4981-97BC-497AB7D13433}.CompilerOnly|Win32.ActiveCfg = Release|Win32
		{CAB0EED0-564C-4981-97BC-497AB7D13433}.CompilerOnly|Win32.Build.0 = Release|Win32
		{CAB0EED0-564C-4981-97BC-497AB7D13433}.CompilerOnly|x86.ActiveCfg = Release|Win32
		{CAB0EED0-564C-4981-97BC-497AB7D13433}.CompilerOnly|x86.Build.0 = Release|Win32
		{CAB0EED0-564C-4981-97BC-497AB7D13433}.Debug|Any CPU.ActiveCfg = Debug|Win32
		{CAB0EED0-564C-4981-97BC-497AB7D13433}.Debug|Mixed Platforms.ActiveCfg = Debug|Win32
		{CAB0EED0-564C-4981-97BC-497AB7D13433}.Debug|Win32.ActiveCfg = Debug|Win32
		{CAB0EED0-564C-4981-97BC-497AB7D13433}.Debug|Win32.Build.0 = Debug|Win32
		{CAB0EED0-564C-4981-97BC-497AB7D13433}.Debug|x86.ActiveCfg = Debug|Win32
		{CAB0EED0-564C-4981-97BC-497AB7D13433}.Debug|x86.Build.0 = Debug|Win32
		{CAB0EED0-564C-4981-97BC-497AB7D13433}.Drop|Any CPU.ActiveCfg = Debug|Win32
		{CAB0EED0-564C-4981-97BC-497AB7D13433}.Drop|Mixed Platforms.ActiveCfg = Debug|Win32
		{CAB0EED0-564C-4981-97BC-497AB7D13433}.Drop|Mixed Platforms.Build.0 = Debug|Win32
		{CAB0EED0-564C-4981-97BC-497AB7D13433}.Drop|Win32.ActiveCfg = Debug|Win32
		{CAB0EED0-564C-4981-97BC-497AB7D13433}.Drop|Win32.Build.0 = Debug|Win32
		{CAB0EED0-564C-4981-97BC-497AB7D13433}.Drop|x86.ActiveCfg = Debug|Win32
		{CAB0EED0-564C-4981-97BC-497AB7D13433}.Drop|x86.Build.0 = Debug|Win32
		{CAB0EED0-564C-4981-97BC-497AB7D13433}.Release|Any CPU.ActiveCfg = Release|Win32
		{CAB0EED0-564C-4981-97BC-497AB7D13433}.Release|Mixed Platforms.ActiveCfg = Release|Win32
		{CAB0EED0-564C-4981-97BC-497AB7D13433}.Release|Mixed Platforms.Build.0 = Release|Win32
		{CAB0EED0-564C-4981-97BC-497AB7D13433}.Release|Win32.ActiveCfg = Release|Win32
		{CAB0EED0-564C-4981-97BC-497AB7D13433}.Release|Win32.Build.0 = Release|Win32
		{CAB0EED0-564C-4981-97BC-497AB7D13433}.Release|x86.ActiveCfg = Release|Win32
		{CAB0EED0-564C-4981-97BC-497AB7D13433}.Release|x86.Build.0 = Release|Win32
		{C21060C0-8929-4DC5-AC09-06EA5090AC7E}.CompilerOnly|Any CPU.ActiveCfg = Release|Any CPU
		{C21060C0-8929-4DC5-AC09-06EA5090AC7E}.CompilerOnly|Any CPU.Build.0 = Release|Any CPU
		{C21060C0-8929-4DC5-AC09-06EA5090AC7E}.CompilerOnly|Mixed Platforms.ActiveCfg = Release|Any CPU
		{C21060C0-8929-4DC5-AC09-06EA5090AC7E}.CompilerOnly|Mixed Platforms.Build.0 = Release|Any CPU
		{C21060C0-8929-4DC5-AC09-06EA5090AC7E}.CompilerOnly|Win32.ActiveCfg = Release|Any CPU
		{C21060C0-8929-4DC5-AC09-06EA5090AC7E}.CompilerOnly|x86.ActiveCfg = Release|Any CPU
		{C21060C0-8929-4DC5-AC09-06EA5090AC7E}.Debug|Any CPU.ActiveCfg = Debug|Any CPU
		{C21060C0-8929-4DC5-AC09-06EA5090AC7E}.Debug|Any CPU.Build.0 = Debug|Any CPU
		{C21060C0-8929-4DC5-AC09-06EA5090AC7E}.Debug|Mixed Platforms.ActiveCfg = Debug|Any CPU
		{C21060C0-8929-4DC5-AC09-06EA5090AC7E}.Debug|Mixed Platforms.Build.0 = Debug|Any CPU
		{C21060C0-8929-4DC5-AC09-06EA5090AC7E}.Debug|Win32.ActiveCfg = Debug|Any CPU
		{C21060C0-8929-4DC5-AC09-06EA5090AC7E}.Debug|x86.ActiveCfg = Debug|Any CPU
		{C21060C0-8929-4DC5-AC09-06EA5090AC7E}.Drop|Any CPU.ActiveCfg = Debug|Any CPU
		{C21060C0-8929-4DC5-AC09-06EA5090AC7E}.Drop|Any CPU.Build.0 = Debug|Any CPU
		{C21060C0-8929-4DC5-AC09-06EA5090AC7E}.Drop|Mixed Platforms.ActiveCfg = Debug|Any CPU
		{C21060C0-8929-4DC5-AC09-06EA5090AC7E}.Drop|Mixed Platforms.Build.0 = Debug|Any CPU
		{C21060C0-8929-4DC5-AC09-06EA5090AC7E}.Drop|Win32.ActiveCfg = Debug|Any CPU
		{C21060C0-8929-4DC5-AC09-06EA5090AC7E}.Drop|x86.ActiveCfg = Debug|Any CPU
		{C21060C0-8929-4DC5-AC09-06EA5090AC7E}.Release|Any CPU.ActiveCfg = Release|Any CPU
		{C21060C0-8929-4DC5-AC09-06EA5090AC7E}.Release|Any CPU.Build.0 = Release|Any CPU
		{C21060C0-8929-4DC5-AC09-06EA5090AC7E}.Release|Mixed Platforms.ActiveCfg = Release|Any CPU
		{C21060C0-8929-4DC5-AC09-06EA5090AC7E}.Release|Mixed Platforms.Build.0 = Release|Any CPU
		{C21060C0-8929-4DC5-AC09-06EA5090AC7E}.Release|Win32.ActiveCfg = Release|Any CPU
		{C21060C0-8929-4DC5-AC09-06EA5090AC7E}.Release|x86.ActiveCfg = Release|Any CPU
		{C5203B00-B561-48F9-B56D-C4477A27EA01}.CompilerOnly|Any CPU.ActiveCfg = Release|Any CPU
		{C5203B00-B561-48F9-B56D-C4477A27EA01}.CompilerOnly|Any CPU.Build.0 = Release|Any CPU
		{C5203B00-B561-48F9-B56D-C4477A27EA01}.CompilerOnly|Mixed Platforms.ActiveCfg = Release|Any CPU
		{C5203B00-B561-48F9-B56D-C4477A27EA01}.CompilerOnly|Mixed Platforms.Build.0 = Release|Any CPU
		{C5203B00-B561-48F9-B56D-C4477A27EA01}.CompilerOnly|Win32.ActiveCfg = Release|Any CPU
		{C5203B00-B561-48F9-B56D-C4477A27EA01}.CompilerOnly|x86.ActiveCfg = Release|Any CPU
		{C5203B00-B561-48F9-B56D-C4477A27EA01}.Debug|Any CPU.ActiveCfg = Debug|Any CPU
		{C5203B00-B561-48F9-B56D-C4477A27EA01}.Debug|Any CPU.Build.0 = Debug|Any CPU
		{C5203B00-B561-48F9-B56D-C4477A27EA01}.Debug|Mixed Platforms.ActiveCfg = Debug|Any CPU
		{C5203B00-B561-48F9-B56D-C4477A27EA01}.Debug|Mixed Platforms.Build.0 = Debug|Any CPU
		{C5203B00-B561-48F9-B56D-C4477A27EA01}.Debug|Win32.ActiveCfg = Debug|Any CPU
		{C5203B00-B561-48F9-B56D-C4477A27EA01}.Debug|x86.ActiveCfg = Debug|Any CPU
		{C5203B00-B561-48F9-B56D-C4477A27EA01}.Drop|Any CPU.ActiveCfg = Debug|Any CPU
		{C5203B00-B561-48F9-B56D-C4477A27EA01}.Drop|Any CPU.Build.0 = Debug|Any CPU
		{C5203B00-B561-48F9-B56D-C4477A27EA01}.Drop|Mixed Platforms.ActiveCfg = Debug|Any CPU
		{C5203B00-B561-48F9-B56D-C4477A27EA01}.Drop|Mixed Platforms.Build.0 = Debug|Any CPU
		{C5203B00-B561-48F9-B56D-C4477A27EA01}.Drop|Win32.ActiveCfg = Debug|Any CPU
		{C5203B00-B561-48F9-B56D-C4477A27EA01}.Drop|x86.ActiveCfg = Debug|Any CPU
		{C5203B00-B561-48F9-B56D-C4477A27EA01}.Release|Any CPU.ActiveCfg = Release|Any CPU
		{C5203B00-B561-48F9-B56D-C4477A27EA01}.Release|Any CPU.Build.0 = Release|Any CPU
		{C5203B00-B561-48F9-B56D-C4477A27EA01}.Release|Mixed Platforms.ActiveCfg = Release|Any CPU
		{C5203B00-B561-48F9-B56D-C4477A27EA01}.Release|Mixed Platforms.Build.0 = Release|Any CPU
		{C5203B00-B561-48F9-B56D-C4477A27EA01}.Release|Win32.ActiveCfg = Release|Any CPU
		{C5203B00-B561-48F9-B56D-C4477A27EA01}.Release|x86.ActiveCfg = Release|Any CPU
		{F55BA112-7817-4A9F-9250-7CDFECC1F2CE}.CompilerOnly|Any CPU.ActiveCfg = Release|Any CPU
		{F55BA112-7817-4A9F-9250-7CDFECC1F2CE}.CompilerOnly|Any CPU.Build.0 = Release|Any CPU
		{F55BA112-7817-4A9F-9250-7CDFECC1F2CE}.CompilerOnly|Mixed Platforms.ActiveCfg = Release|Any CPU
		{F55BA112-7817-4A9F-9250-7CDFECC1F2CE}.CompilerOnly|Mixed Platforms.Build.0 = Release|Any CPU
		{F55BA112-7817-4A9F-9250-7CDFECC1F2CE}.CompilerOnly|Win32.ActiveCfg = Release|Any CPU
		{F55BA112-7817-4A9F-9250-7CDFECC1F2CE}.CompilerOnly|x86.ActiveCfg = Release|Any CPU
		{F55BA112-7817-4A9F-9250-7CDFECC1F2CE}.Debug|Any CPU.ActiveCfg = Debug|Any CPU
		{F55BA112-7817-4A9F-9250-7CDFECC1F2CE}.Debug|Any CPU.Build.0 = Debug|Any CPU
		{F55BA112-7817-4A9F-9250-7CDFECC1F2CE}.Debug|Mixed Platforms.ActiveCfg = Debug|Any CPU
		{F55BA112-7817-4A9F-9250-7CDFECC1F2CE}.Debug|Mixed Platforms.Build.0 = Debug|Any CPU
		{F55BA112-7817-4A9F-9250-7CDFECC1F2CE}.Debug|Win32.ActiveCfg = Debug|Any CPU
		{F55BA112-7817-4A9F-9250-7CDFECC1F2CE}.Debug|x86.ActiveCfg = Debug|Any CPU
		{F55BA112-7817-4A9F-9250-7CDFECC1F2CE}.Drop|Any CPU.ActiveCfg = Debug|Any CPU
		{F55BA112-7817-4A9F-9250-7CDFECC1F2CE}.Drop|Any CPU.Build.0 = Debug|Any CPU
		{F55BA112-7817-4A9F-9250-7CDFECC1F2CE}.Drop|Mixed Platforms.ActiveCfg = Debug|Any CPU
		{F55BA112-7817-4A9F-9250-7CDFECC1F2CE}.Drop|Mixed Platforms.Build.0 = Debug|Any CPU
		{F55BA112-7817-4A9F-9250-7CDFECC1F2CE}.Drop|Win32.ActiveCfg = Debug|Any CPU
		{F55BA112-7817-4A9F-9250-7CDFECC1F2CE}.Drop|x86.ActiveCfg = Debug|Any CPU
		{F55BA112-7817-4A9F-9250-7CDFECC1F2CE}.Release|Any CPU.ActiveCfg = Release|Any CPU
		{F55BA112-7817-4A9F-9250-7CDFECC1F2CE}.Release|Any CPU.Build.0 = Release|Any CPU
		{F55BA112-7817-4A9F-9250-7CDFECC1F2CE}.Release|Mixed Platforms.ActiveCfg = Release|Any CPU
		{F55BA112-7817-4A9F-9250-7CDFECC1F2CE}.Release|Mixed Platforms.Build.0 = Release|Any CPU
		{F55BA112-7817-4A9F-9250-7CDFECC1F2CE}.Release|Win32.ActiveCfg = Release|Any CPU
		{F55BA112-7817-4A9F-9250-7CDFECC1F2CE}.Release|x86.ActiveCfg = Release|Any CPU
	EndGlobalSection
	GlobalSection(SolutionProperties) = preSolution
		HideSolutionNode = FALSE
	EndGlobalSection
	GlobalSection(NestedProjects) = preSolution
		{5B244ED6-BCC5-4FEE-A8DF-8B546F368F3F} = {04D33EB9-17AC-46B9-BF93-99C57F2F802E}
		{78187C99-15DA-4001-92E7-01A103DA739D} = {5B244ED6-BCC5-4FEE-A8DF-8B546F368F3F}
		{71D5CA0F-17DC-4743-B427-C9014592D3AC} = {04D33EB9-17AC-46B9-BF93-99C57F2F802E}
		{B855D039-8A27-419D-9A81-86FF93227E31} = {04D33EB9-17AC-46B9-BF93-99C57F2F802E}
		{B2144FB2-68AD-4F94-B53E-DCCF827115C8} = {04D33EB9-17AC-46B9-BF93-99C57F2F802E}
		{AB567043-8047-4CB4-863C-F7FBAB4E239A} = {04D33EB9-17AC-46B9-BF93-99C57F2F802E}
		{DA1D75C4-D0AA-474C-8773-6D90C9319D67} = {04D33EB9-17AC-46B9-BF93-99C57F2F802E}
		{CDB01DBB-FD43-40F4-98F0-F5401E8C5919} = {04D33EB9-17AC-46B9-BF93-99C57F2F802E}
		{A23FF5D3-7775-4BD3-942A-1F488E339D27} = {04D33EB9-17AC-46B9-BF93-99C57F2F802E}
		{D0544C0C-C6ED-4F91-9F3C-9F3A02B8CAB6} = {04D33EB9-17AC-46B9-BF93-99C57F2F802E}
		{29651769-4A5F-4C7F-BAA7-4064BA38324D} = {78187C99-15DA-4001-92E7-01A103DA739D}
		{CAB0EED0-564C-4981-97BC-497AB7D13433} = {04D33EB9-17AC-46B9-BF93-99C57F2F802E}
		{C21060C0-8929-4DC5-AC09-06EA5090AC7E} = {04D33EB9-17AC-46B9-BF93-99C57F2F802E}
		{C5203B00-B561-48F9-B56D-C4477A27EA01} = {04D33EB9-17AC-46B9-BF93-99C57F2F802E}
		{F55BA112-7817-4A9F-9250-7CDFECC1F2CE} = {04D33EB9-17AC-46B9-BF93-99C57F2F802E}
	EndGlobalSection
	GlobalSection(TestCaseManagementSettings) = postSolution
		CategoryFile = Vcc.vsmdi
	EndGlobalSection
EndGlobal
