
Microsoft Visual Studio Solution File, Format Version 11.00
# Visual Studio 2010
Project("{2150E333-8FDC-42A3-9474-1A3956D46DE8}") = "Solution Items", "Solution Items", "{8635BB3A-9823-4B16-AF67-92B3AFCE54B7}"
EndProject
Project("{8BC9CEB8-8B4A-11D0-8D11-00A0C91BC942}") = "tutorial", "tutorial\tutorial.vcxproj", "{979202CB-C20D-479D-B0F2-D730958AE977}"
EndProject
Global
	GlobalSection(SolutionConfigurationPlatforms) = preSolution
		Debug|Win32 = Debug|Win32
		Release|Win32 = Release|Win32
	EndGlobalSection
	GlobalSection(ProjectConfigurationPlatforms) = postSolution
		{979202CB-C20D-479D-B0F2-D730958AE977}.Debug|Win32.ActiveCfg = Debug|Win32
		{979202CB-C20D-479D-B0F2-D730958AE977}.Debug|Win32.Build.0 = Debug|Win32
		{979202CB-C20D-479D-B0F2-D730958AE977}.Release|Win32.ActiveCfg = Release|Win32
		{979202CB-C20D-479D-B0F2-D730958AE977}.Release|Win32.Build.0 = Release|Win32
	EndGlobalSection
	GlobalSection(SolutionProperties) = preSolution
		HideSolutionNode = FALSE
	EndGlobalSection
EndGlobal
