<?xml version="1.0" encoding="utf-8"?>
<Project ToolsVersion="4.0" xmlns="http://schemas.microsoft.com/developer/msbuild/2003">
  <ItemGroup>
    <Filter Include="Source Files">
      <UniqueIdentifier>{4FC737F1-C7A5-4376-A066-2A32D752A2FF}</UniqueIdentifier>
      <Extensions>cpp;c;cc;cxx;def;odl;idl;hpj;bat;asm;asmx</Extensions>
    </Filter>
    <Filter Include="Header Files">
      <UniqueIdentifier>{93995380-89BD-4b04-88EB-625FBE52EBFB}</UniqueIdentifier>
      <Extensions>h;hpp;hxx;hm;inl;inc;xsd</Extensions>
    </Filter>
    <Filter Include="Resource Files">
      <UniqueIdentifier>{67DA6AB6-F800-4c08-8B7A-83BB121AAD01}</UniqueIdentifier>
      <Extensions>rc;ico;cur;bmp;dlg;rc2;rct;bin;rgs;gif;jpg;jpeg;jpe;resx;tiff;tif;png;wav;mfcribbon-ms</Extensions>
    </Filter>
    <Filter Include="Source Files\2 assert and assume">
      <UniqueIdentifier>{c461aea0-872c-41ae-8829-9887f4f93001}</UniqueIdentifier>
    </Filter>
    <Filter Include="Source Files\3 function contracts">
      <UniqueIdentifier>{d3fddfaa-e407-4797-9f9e-9c56a2ac8cbf}</UniqueIdentifier>
    </Filter>
    <Filter Include="Source Files\5 loop invariants">
      <UniqueIdentifier>{01259f45-43ba-41a4-aa02-268e476cd076}</UniqueIdentifier>
    </Filter>
    <Filter Include="Source Files\6 objects">
      <UniqueIdentifier>{3e7bc119-6ddb-43ca-9b8a-330795455ad9}</UniqueIdentifier>
    </Filter>
    <Filter Include="Source Files\7 abstraction">
      <UniqueIdentifier>{77b9357b-e6f3-4d5a-8f77-d5089f072432}</UniqueIdentifier>
    </Filter>
    <Filter Include="Source Files\8 concurrency">
      <UniqueIdentifier>{f399a74f-79d4-4446-8202-887e705bfa47}</UniqueIdentifier>
    </Filter>
  </ItemGroup>
  <ItemGroup>
    <ClCompile Include="..\c\3.5.copy1.c">
      <Filter>Source Files\3 function contracts</Filter>
    </ClCompile>
    <ClCompile Include="..\c\3.6.copy_array.c">
      <Filter>Source Files\3 function contracts</Filter>
    </ClCompile>
    <ClCompile Include="..\c\3.7.issorted.c">
      <Filter>Source Files\3 function contracts</Filter>
    </ClCompile>
    <ClCompile Include="..\c\5.1.div.c">
      <Filter>Source Files\5 loop invariants</Filter>
    </ClCompile>
    <ClCompile Include="..\c\5.2.div_assert.c">
      <Filter>Source Files\5 loop invariants</Filter>
    </ClCompile>
    <ClCompile Include="..\c\5.3.lsearch_full.c">
      <Filter>Source Files\5 loop invariants</Filter>
    </ClCompile>
    <ClCompile Include="..\c\6.1.safestring.c">
      <Filter>Source Files\6 objects</Filter>
    </ClCompile>
    <ClCompile Include="..\c\6.2.safestring_assert.c">
      <Filter>Source Files\6 objects</Filter>
    </ClCompile>
    <ClCompile Include="..\c\6.3.safestring_dynamic.c">
      <Filter>Source Files\6 objects</Filter>
    </ClCompile>
    <ClCompile Include="..\c\6.4.safestring_dynamic_assert.c">
      <Filter>Source Files\6 objects</Filter>
    </ClCompile>
    <ClCompile Include="..\c\6.5.table.c">
      <Filter>Source Files\6 objects</Filter>
    </ClCompile>
    <ClCompile Include="..\c\7.1.list0.c">
      <Filter>Source Files\7 abstraction</Filter>
    </ClCompile>
    <ClCompile Include="..\c\7.2.list.c">
      <Filter>Source Files\7 abstraction</Filter>
    </ClCompile>
    <ClCompile Include="..\c\8.1.lockw.c">
      <Filter>Source Files\8 concurrency</Filter>
    </ClCompile>
    <ClCompile Include="..\c\8.2.lockw_wrong.c">
      <Filter>Source Files\8 concurrency</Filter>
    </ClCompile>
    <ClCompile Include="..\c\8.3.lockw_wrong2.c">
      <Filter>Source Files\8 concurrency</Filter>
    </ClCompile>
    <ClCompile Include="..\c\8.4.lock_claimsobj.c">
      <Filter>Source Files\8 concurrency</Filter>
    </ClCompile>
    <ClCompile Include="..\c\8.5.counter.c">
      <Filter>Source Files\8 concurrency</Filter>
    </ClCompile>
    <ClCompile Include="..\c\8.6.rundown.c">
      <Filter>Source Files\8 concurrency</Filter>
    </ClCompile>
    <ClCompile Include="..\c\2.1.minInline.c">
      <Filter>Source Files\2 assert and assume</Filter>
    </ClCompile>
    <ClCompile Include="..\c\3.1.min2.c">
      <Filter>Source Files\3 function contracts</Filter>
    </ClCompile>
    <ClCompile Include="..\c\3.2.min3.c">
      <Filter>Source Files\3 function contracts</Filter>
    </ClCompile>
    <ClCompile Include="..\c\3.3.min_assert.c">
      <Filter>Source Files\3 function contracts</Filter>
    </ClCompile>
    <ClCompile Include="..\c\3.4.rw.c">
      <Filter>Source Files\3 function contracts</Filter>
    </ClCompile>
    <ClCompile Include="..\c\4.1.hash_fail.c">
      <Filter>Source Files\2 assert and assume</Filter>
    </ClCompile>
    <ClCompile Include="..\c\4.3.min5.c">
      <Filter>Source Files\2 assert and assume</Filter>
    </ClCompile>
    <ClCompile Include="..\c\4.2.hash.c">
      <Filter>Source Files\2 assert and assume</Filter>
    </ClCompile>
    <ClCompile Include="..\5.7.solutions.c">
      <Filter>Source Files\5 loop invariants</Filter>
    </ClCompile>
    <ClCompile Include="..\c\02_rand.c">
      <Filter>Source Files</Filter>
    </ClCompile>
    <ClCompile Include="..\c\7.0.arraySet.c">
      <Filter>Source Files\7 abstraction</Filter>
    </ClCompile>
    <ClCompile Include="..\c\5.4.sort.c">
      <Filter>Source Files\5 loop invariants</Filter>
    </ClCompile>
    <ClCompile Include="..\c\5.6.copy_and_clear_array.c">
      <Filter>Source Files\5 loop invariants</Filter>
    </ClCompile>
    <ClCompile Include="..\c\5.5.copy_array.c">
      <Filter>Source Files\5 loop invariants</Filter>
    </ClCompile>
    <ClCompile Include="..\c\7.3.sort.c">
      <Filter>Source Files\7 abstraction</Filter>
    </ClCompile>
    <ClCompile Include="..\c\7.4.math.c">
      <Filter>Source Files\7 abstraction</Filter>
    </ClCompile>
    <ClCompile Include="..\c\7.5.lists.c">
      <Filter>Source Files\7 abstraction</Filter>
    </ClCompile>
  </ItemGroup>
</Project>