
Microsoft Visual Studio Solution File, Format Version 11.00
# Visual Studio 2010
Project("{F2A71F9B-5D33-465A-A702-920D77279786}") = "VerifiedAssembler", "VerifiedAssembler.fsproj", "{BD186581-19B6-4B6D-BC42-4A503732EDB9}"
EndProject
Global
	GlobalSection(SolutionConfigurationPlatforms) = preSolution
		CompilerOnly|Any CPU = CompilerOnly|Any CPU
		Debug|Any CPU = Debug|Any CPU
		Release|Any CPU = Release|Any CPU
	EndGlobalSection
	GlobalSection(ProjectConfigurationPlatforms) = postSolution
		{BD186581-19B6-4B6D-BC42-4A503732EDB9}.CompilerOnly|Any CPU.ActiveCfg = CompilerOnly|Any CPU
		{BD186581-19B6-4B6D-BC42-4A503732EDB9}.CompilerOnly|Any CPU.Build.0 = CompilerOnly|Any CPU
		{BD186581-19B6-4B6D-BC42-4A503732EDB9}.Debug|Any CPU.ActiveCfg = Debug|Any CPU
		{BD186581-19B6-4B6D-BC42-4A503732EDB9}.Debug|Any CPU.Build.0 = Debug|Any CPU
		{BD186581-19B6-4B6D-BC42-4A503732EDB9}.Release|Any CPU.ActiveCfg = Release|Any CPU
		{BD186581-19B6-4B6D-BC42-4A503732EDB9}.Release|Any CPU.Build.0 = Release|Any CPU
	EndGlobalSection
	GlobalSection(SolutionProperties) = preSolution
		HideSolutionNode = FALSE
	EndGlobalSection
EndGlobal
