
Microsoft Visual Studio Solution File, Format Version 11.00
# Visual Studio 2010
Project("{F2A71F9B-5D33-465A-A702-920D77279786}") = "VccSyntaxCoverter", "VccSyntaxCoverter.fsproj", "{ADB80DB3-762B-4B3F-ACA9-A99812AF2078}"
EndProject
Global
	GlobalSection(SolutionConfigurationPlatforms) = preSolution
		Debug|Any CPU = Debug|Any CPU
		Release|Any CPU = Release|Any CPU
	EndGlobalSection
	GlobalSection(ProjectConfigurationPlatforms) = postSolution
		{ADB80DB3-762B-4B3F-ACA9-A99812AF2078}.Debug|Any CPU.ActiveCfg = Debug|Any CPU
		{ADB80DB3-762B-4B3F-ACA9-A99812AF2078}.Debug|Any CPU.Build.0 = Debug|Any CPU
		{ADB80DB3-762B-4B3F-ACA9-A99812AF2078}.Release|Any CPU.ActiveCfg = Release|Any CPU
		{ADB80DB3-762B-4B3F-ACA9-A99812AF2078}.Release|Any CPU.Build.0 = Release|Any CPU
	EndGlobalSection
	GlobalSection(SolutionProperties) = preSolution
		HideSolutionNode = FALSE
	EndGlobalSection
EndGlobal
